
Microsoft Visual Studio Solution File, Format Version 12.00
# Visual Studio Version 16
VisualStudioVersion = 16.0.30523.141
MinimumVisualStudioVersion = 10.0.40219.1
Project("{FAE04EC0-301F-11D3-BF4B-00C04F79EFBC}") = "teshib.UWP", "teshib.UWP\teshib.UWP.csproj", "{D855ECA7-FF80-4FD4-A770-C65BD27AF2C7}"
EndProject
Project("{FAE04EC0-301F-11D3-BF4B-00C04F79EFBC}") = "teshib.Android", "teshib.Android\teshib.Android.csproj", "{774BF85F-5796-4020-B190-9754884C387A}"
EndProject
Project("{FAE04EC0-301F-11D3-BF4B-00C04F79EFBC}") = "teshib.iOS", "teshib.iOS\teshib.iOS.csproj", "{AF869239-1C8E-4DEB-A1E2-BFB9CB208E04}"
EndProject
Project("{FAE04EC0-301F-11D3-BF4B-00C04F79EFBC}") = "teshib", "teshib\teshib.csproj", "{9718FCA5-E3FA-49DF-B313-1437E0104BB4}"
EndProject
Global
	GlobalSection(SolutionConfigurationPlatforms) = preSolution
		Debug|Any CPU = Debug|Any CPU
		Debug|ARM = Debug|ARM
		Debug|iPhone = Debug|iPhone
		Debug|iPhoneSimulator = Debug|iPhoneSimulator
		Debug|x64 = Debug|x64
		Debug|x86 = Debug|x86
		Release|Any CPU = Release|Any CPU
		Release|ARM = Release|ARM
		Release|iPhone = Release|iPhone
		Release|iPhoneSimulator = Release|iPhoneSimulator
		Release|x64 = Release|x64
		Release|x86 = Release|x86
	EndGlobalSection
	GlobalSection(ProjectConfigurationPlatforms) = postSolution
		{D855ECA7-FF80-4FD4-A770-C65BD27AF2C7}.Debug|Any CPU.ActiveCfg = Debug|x86
		{D855ECA7-FF80-4FD4-A770-C65BD27AF2C7}.Debug|Any CPU.Build.0 = Debug|x86
		{D855ECA7-FF80-4FD4-A770-C65BD27AF2C7}.Debug|Any CPU.Deploy.0 = Debug|x86
		{D855ECA7-FF80-4FD4-A770-C65BD27AF2C7}.Debug|ARM.ActiveCfg = Debug|ARM
		{D855ECA7-FF80-4FD4-A770-C65BD27AF2C7}.Debug|ARM.Build.0 = Debug|ARM
		{D855ECA7-FF80-4FD4-A770-C65BD27AF2C7}.Debug|ARM.Deploy.0 = Debug|ARM
		{D855ECA7-FF80-4FD4-A770-C65BD27AF2C7}.Debug|iPhone.ActiveCfg = Debug|x86
		{D855ECA7-FF80-4FD4-A770-C65BD27AF2C7}.Debug|iPhone.Build.0 = Debug|x86
		{D855ECA7-FF80-4FD4-A770-C65BD27AF2C7}.Debug|iPhone.Deploy.0 = Debug|x86
		{D855ECA7-FF80-4FD4-A770-C65BD27AF2C7}.Debug|iPhoneSimulator.ActiveCfg = Debug|x86
		{D855ECA7-FF80-4FD4-A770-C65BD27AF2C7}.Debug|iPhoneSimulator.Build.0 = Debug|x86
		{D855ECA7-FF80-4FD4-A770-C65BD27AF2C7}.Debug|iPhoneSimulator.Deploy.0 = Debug|x86
		{D855ECA7-FF80-4FD4-A770-C65BD27AF2C7}.Debug|x64.ActiveCfg = Debug|x64
		{D855ECA7-FF80-4FD4-A770-C65BD27AF2C7}.Debug|x64.Build.0 = Debug|x64
		{D855ECA7-FF80-4FD4-A770-C65BD27AF2C7}.Debug|x64.Deploy.0 = Debug|x64
		{D855ECA7-FF80-4FD4-A770-C65BD27AF2C7}.Debug|x86.ActiveCfg = Debug|x86
		{D855ECA7-FF80-4FD4-A770-C65BD27AF2C7}.Debug|x86.Build.0 = Debug|x86
		{D855ECA7-FF80-4FD4-A770-C65BD27AF2C7}.Debug|x86.Deploy.0 = Debug|x86
		{D855ECA7-FF80-4FD4-A770-C65BD27AF2C7}.Release|Any CPU.ActiveCfg = Release|x86
		{D855ECA7-FF80-4FD4-A770-C65BD27AF2C7}.Release|Any CPU.Build.0 = Release|x86
		{D855ECA7-FF80-4FD4-A770-C65BD27AF2C7}.Release|Any CPU.Deploy.0 = Release|x86
		{D855ECA7-FF80-4FD4-A770-C65BD27AF2C7}.Release|ARM.ActiveCfg = Release|ARM
		{D855ECA7-FF80-4FD4-A770-C65BD27AF2C7}.Release|ARM.Build.0 = Release|ARM
		{D855ECA7-FF80-4FD4-A770-C65BD27AF2C7}.Release|ARM.Deploy.0 = Release|ARM
		{D855ECA7-FF80-4FD4-A770-C65BD27AF2C7}.Release|iPhone.ActiveCfg = Release|x86
		{D855ECA7-FF80-4FD4-A770-C65BD27AF2C7}.Release|iPhone.Build.0 = Release|x86
		{D855ECA7-FF80-4FD4-A770-C65BD27AF2C7}.Release|iPhone.Deploy.0 = Release|x86
		{D855ECA7-FF80-4FD4-A770-C65BD27AF2C7}.Release|iPhoneSimulator.ActiveCfg = Release|x86
		{D855ECA7-FF80-4FD4-A770-C65BD27AF2C7}.Release|iPhoneSimulator.Build.0 = Release|x86
		{D855ECA7-FF80-4FD4-A770-C65BD27AF2C7}.Release|iPhoneSimulator.Deploy.0 = Release|x86
		{D855ECA7-FF80-4FD4-A770-C65BD27AF2C7}.Release|x64.ActiveCfg = Release|x64
		{D855ECA7-FF80-4FD4-A770-C65BD27AF2C7}.Release|x64.Build.0 = Release|x64
		{D855ECA7-FF80-4FD4-A770-C65BD27AF2C7}.Release|x64.Deploy.0 = Release|x64
		{D855ECA7-FF80-4FD4-A770-C65BD27AF2C7}.Release|x86.ActiveCfg = Release|x86
		{D855ECA7-FF80-4FD4-A770-C65BD27AF2C7}.Release|x86.Build.0 = Release|x86
		{D855ECA7-FF80-4FD4-A770-C65BD27AF2C7}.Release|x86.Deploy.0 = Release|x86
		{774BF85F-5796-4020-B190-9754884C387A}.Debug|Any CPU.ActiveCfg = Debug|Any CPU
		{774BF85F-5796-4020-B190-9754884C387A}.Debug|Any CPU.Build.0 = Debug|Any CPU
		{774BF85F-5796-4020-B190-9754884C387A}.Debug|Any CPU.Deploy.0 = Debug|Any CPU
		{774BF85F-5796-4020-B190-9754884C387A}.Debug|ARM.ActiveCfg = Debug|Any CPU
		{774BF85F-5796-4020-B190-9754884C387A}.Debug|ARM.Build.0 = Debug|Any CPU
		{774BF85F-5796-4020-B190-9754884C387A}.Debug|ARM.Deploy.0 = Debug|Any CPU
		{774BF85F-5796-4020-B190-9754884C387A}.Debug|iPhone.ActiveCfg = Debug|Any CPU
		{774BF85F-5796-4020-B190-9754884C387A}.Debug|iPhone.Build.0 = Debug|Any CPU
		{774BF85F-5796-4020-B190-9754884C387A}.Debug|iPhone.Deploy.0 = Debug|Any CPU
		{774BF85F-5796-4020-B190-9754884C387A}.Debug|iPhoneSimulator.ActiveCfg = Debug|Any CPU
		{774BF85F-5796-4020-B190-9754884C387A}.Debug|iPhoneSimulator.Build.0 = Debug|Any CPU
		{774BF85F-5796-4020-B190-9754884C387A}.Debug|iPhoneSimulator.Deploy.0 = Debug|Any CPU
		{774BF85F-5796-4020-B190-9754884C387A}.Debug|x64.ActiveCfg = Debug|Any CPU
		{774BF85F-5796-4020-B190-9754884C387A}.Debug|x64.Build.0 = Debug|Any CPU
		{774BF85F-5796-4020-B190-9754884C387A}.Debug|x64.Deploy.0 = Debug|Any CPU
		{774BF85F-5796-4020-B190-9754884C387A}.Debug|x86.ActiveCfg = Debug|Any CPU
		{774BF85F-5796-4020-B190-9754884C387A}.Debug|x86.Build.0 = Debug|Any CPU
		{774BF85F-5796-4020-B190-9754884C387A}.Debug|x86.Deploy.0 = Debug|Any CPU
		{774BF85F-5796-4020-B190-9754884C387A}.Release|Any CPU.ActiveCfg = Release|Any CPU
		{774BF85F-5796-4020-B190-9754884C387A}.Release|Any CPU.Build.0 = Release|Any CPU
		{774BF85F-5796-4020-B190-9754884C387A}.Release|Any CPU.Deploy.0 = Release|Any CPU
		{774BF85F-5796-4020-B190-9754884C387A}.Release|ARM.ActiveCfg = Release|Any CPU
		{774BF85F-5796-4020-B190-9754884C387A}.Release|ARM.Build.0 = Release|Any CPU
		{774BF85F-5796-4020-B190-9754884C387A}.Release|ARM.Deploy.0 = Release|Any CPU
		{774BF85F-5796-4020-B190-9754884C387A}.Release|iPhone.ActiveCfg = Release|Any CPU
		{774BF85F-5796-4020-B190-9754884C387A}.Release|iPhone.Build.0 = Release|Any CPU
		{774BF85F-5796-4020-B190-9754884C387A}.Release|iPhone.Deploy.0 = Release|Any CPU
		{774BF85F-5796-4020-B190-9754884C387A}.Release|iPhoneSimulator.ActiveCfg = Release|Any CPU
		{774BF85F-5796-4020-B190-9754884C387A}.Release|iPhoneSimulator.Build.0 = Release|Any CPU
		{774BF85F-5796-4020-B190-9754884C387A}.Release|iPhoneSimulator.Deploy.0 = Release|Any CPU
		{774BF85F-5796-4020-B190-9754884C387A}.Release|x64.ActiveCfg = Release|Any CPU
		{774BF85F-5796-4020-B190-9754884C387A}.Release|x64.Build.0 = Release|Any CPU
		{774BF85F-5796-4020-B190-9754884C387A}.Release|x64.Deploy.0 = Release|Any CPU
		{774BF85F-5796-4020-B190-9754884C387A}.Release|x86.ActiveCfg = Release|Any CPU
		{774BF85F-5796-4020-B190-9754884C387A}.Release|x86.Build.0 = Release|Any CPU
		{774BF85F-5796-4020-B190-9754884C387A}.Release|x86.Deploy.0 = Release|Any CPU
		{AF869239-1C8E-4DEB-A1E2-BFB9CB208E04}.Debug|Any CPU.ActiveCfg = Debug|iPhoneSimulator
		{AF869239-1C8E-4DEB-A1E2-BFB9CB208E04}.Debug|Any CPU.Build.0 = Debug|iPhoneSimulator
		{AF869239-1C8E-4DEB-A1E2-BFB9CB208E04}.Debug|Any CPU.Deploy.0 = Debug|iPhoneSimulator
		{AF869239-1C8E-4DEB-A1E2-BFB9CB208E04}.Debug|ARM.ActiveCfg = Debug|iPhone
		{AF869239-1C8E-4DEB-A1E2-BFB9CB208E04}.Debug|ARM.Build.0 = Debug|iPhone
		{AF869239-1C8E-4DEB-A1E2-BFB9CB208E04}.Debug|ARM.Deploy.0 = Debug|iPhone
		{AF869239-1C8E-4DEB-A1E2-BFB9CB208E04}.Debug|iPhone.ActiveCfg = Debug|iPhone
		{AF869239-1C8E-4DEB-A1E2-BFB9CB208E04}.Debug|iPhone.Build.0 = Debug|iPhone
		{AF869239-1C8E-4DEB-A1E2-BFB9CB208E04}.Debug|iPhone.Deploy.0 = Debug|iPhone
		{AF869239-1C8E-4DEB-A1E2-BFB9CB208E04}.Debug|iPhoneSimulator.ActiveCfg = Debug|iPhoneSimulator
		{AF869239-1C8E-4DEB-A1E2-BFB9CB208E04}.Debug|iPhoneSimulator.Build.0 = Debug|iPhoneSimulator
		{AF869239-1C8E-4DEB-A1E2-BFB9CB208E04}.Debug|iPhoneSimulator.Deploy.0 = Debug|iPhoneSimulator
		{AF869239-1C8E-4DEB-A1E2-BFB9CB208E04}.Debug|x64.ActiveCfg = Debug|iPhoneSimulator
		{AF869239-1C8E-4DEB-A1E2-BFB9CB208E04}.Debug|x64.Build.0 = Debug|iPhoneSimulator
		{AF869239-1C8E-4DEB-A1E2-BFB9CB208E04}.Debug|x64.Deploy.0 = Debug|iPhoneSimulator
		{AF869239-1C8E-4DEB-A1E2-BFB9CB208E04}.Debug|x86.ActiveCfg = Debug|iPhoneSimulator
		{AF869239-1C8E-4DEB-A1E2-BFB9CB208E04}.Debug|x86.Build.0 = Debug|iPhoneSimulator
		{AF869239-1C8E-4DEB-A1E2-BFB9CB208E04}.Debug|x86.Deploy.0 = Debug|iPhoneSimulator
		{AF869239-1C8E-4DEB-A1E2-BFB9CB208E04}.Release|Any CPU.ActiveCfg = Release|iPhoneSimulator
		{AF869239-1C8E-4DEB-A1E2-BFB9CB208E04}.Release|Any CPU.Build.0 = Release|iPhoneSimulator
		{AF869239-1C8E-4DEB-A1E2-BFB9CB208E04}.Release|Any CPU.Deploy.0 = Release|iPhoneSimulator
		{AF869239-1C8E-4DEB-A1E2-BFB9CB208E04}.Release|ARM.ActiveCfg = Release|iPhoneSimulator
		{AF869239-1C8E-4DEB-A1E2-BFB9CB208E04}.Release|ARM.Build.0 = Release|iPhoneSimulator
		{AF869239-1C8E-4DEB-A1E2-BFB9CB208E04}.Release|ARM.Deploy.0 = Release|iPhoneSimulator
		{AF869239-1C8E-4DEB-A1E2-BFB9CB208E04}.Release|iPhone.ActiveCfg = Release|iPhone
		{AF869239-1C8E-4DEB-A1E2-BFB9CB208E04}.Release|iPhone.Build.0 = Release|iPhone
		{AF869239-1C8E-4DEB-A1E2-BFB9CB208E04}.Release|iPhone.Deploy.0 = Release|iPhone
		{AF869239-1C8E-4DEB-A1E2-BFB9CB208E04}.Release|iPhoneSimulator.ActiveCfg = Release|iPhoneSimulator
		{AF869239-1C8E-4DEB-A1E2-BFB9CB208E04}.Release|iPhoneSimulator.Build.0 = Release|iPhoneSimulator
		{AF869239-1C8E-4DEB-A1E2-BFB9CB208E04}.Release|iPhoneSimulator.Deploy.0 = Release|iPhoneSimulator
		{AF869239-1C8E-4DEB-A1E2-BFB9CB208E04}.Release|x64.ActiveCfg = Release|iPhoneSimulator
		{AF869239-1C8E-4DEB-A1E2-BFB9CB208E04}.Release|x64.Build.0 = Release|iPhoneSimulator
		{AF869239-1C8E-4DEB-A1E2-BFB9CB208E04}.Release|x64.Deploy.0 = Release|iPhoneSimulator
		{AF869239-1C8E-4DEB-A1E2-BFB9CB208E04}.Release|x86.ActiveCfg = Release|iPhoneSimulator
		{AF869239-1C8E-4DEB-A1E2-BFB9CB208E04}.Release|x86.Build.0 = Release|iPhoneSimulator
		{AF869239-1C8E-4DEB-A1E2-BFB9CB208E04}.Release|x86.Deploy.0 = Release|iPhoneSimulator
		{9718FCA5-E3FA-49DF-B313-1437E0104BB4}.Debug|Any CPU.ActiveCfg = Debug|Any CPU
		{9718FCA5-E3FA-49DF-B313-1437E0104BB4}.Debug|Any CPU.Build.0 = Debug|Any CPU
		{9718FCA5-E3FA-49DF-B313-1437E0104BB4}.Debug|Any CPU.Deploy.0 = Debug|Any CPU
		{9718FCA5-E3FA-49DF-B313-1437E0104BB4}.Debug|ARM.ActiveCfg = Debug|Any CPU
		{9718FCA5-E3FA-49DF-B313-1437E0104BB4}.Debug|ARM.Build.0 = Debug|Any CPU
		{9718FCA5-E3FA-49DF-B313-1437E0104BB4}.Debug|ARM.Deploy.0 = Debug|Any CPU
		{9718FCA5-E3FA-49DF-B313-1437E0104BB4}.Debug|iPhone.ActiveCfg = Debug|Any CPU
		{9718FCA5-E3FA-49DF-B313-1437E0104BB4}.Debug|iPhone.Build.0 = Debug|Any CPU
		{9718FCA5-E3FA-49DF-B313-1437E0104BB4}.Debug|iPhone.Deploy.0 = Debug|Any CPU
		{9718FCA5-E3FA-49DF-B313-1437E0104BB4}.Debug|iPhoneSimulator.ActiveCfg = Debug|Any CPU
		{9718FCA5-E3FA-49DF-B313-1437E0104BB4}.Debug|iPhoneSimulator.Build.0 = Debug|Any CPU
		{9718FCA5-E3FA-49DF-B313-1437E0104BB4}.Debug|iPhoneSimulator.Deploy.0 = Debug|Any CPU
		{9718FCA5-E3FA-49DF-B313-1437E0104BB4}.Debug|x64.ActiveCfg = Debug|Any CPU
		{9718FCA5-E3FA-49DF-B313-1437E0104BB4}.Debug|x64.Build.0 = Debug|Any CPU
		{9718FCA5-E3FA-49DF-B313-1437E0104BB4}.Debug|x64.Deploy.0 = Debug|Any CPU
		{9718FCA5-E3FA-49DF-B313-1437E0104BB4}.Debug|x86.ActiveCfg = Debug|Any CPU
		{9718FCA5-E3FA-49DF-B313-1437E0104BB4}.Debug|x86.Build.0 = Debug|Any CPU
		{9718FCA5-E3FA-49DF-B313-1437E0104BB4}.Debug|x86.Deploy.0 = Debug|Any CPU
		{9718FCA5-E3FA-49DF-B313-1437E0104BB4}.Release|Any CPU.ActiveCfg = Release|Any CPU
		{9718FCA5-E3FA-49DF-B313-1437E0104BB4}.Release|Any CPU.Build.0 = Release|Any CPU
		{9718FCA5-E3FA-49DF-B313-1437E0104BB4}.Release|Any CPU.Deploy.0 = Release|Any CPU
		{9718FCA5-E3FA-49DF-B313-1437E0104BB4}.Release|ARM.ActiveCfg = Release|Any CPU
		{9718FCA5-E3FA-49DF-B313-1437E0104BB4}.Release|ARM.Build.0 = Release|Any CPU
		{9718FCA5-E3FA-49DF-B313-1437E0104BB4}.Release|ARM.Deploy.0 = Release|Any CPU
		{9718FCA5-E3FA-49DF-B313-1437E0104BB4}.Release|iPhone.ActiveCfg = Release|Any CPU
		{9718FCA5-E3FA-49DF-B313-1437E0104BB4}.Release|iPhone.Build.0 = Release|Any CPU
		{9718FCA5-E3FA-49DF-B313-1437E0104BB4}.Release|iPhone.Deploy.0 = Release|Any CPU
		{9718FCA5-E3FA-49DF-B313-1437E0104BB4}.Release|iPhoneSimulator.ActiveCfg = Release|Any CPU
		{9718FCA5-E3FA-49DF-B313-1437E0104BB4}.Release|iPhoneSimulator.Build.0 = Release|Any CPU
		{9718FCA5-E3FA-49DF-B313-1437E0104BB4}.Release|iPhoneSimulator.Deploy.0 = Release|Any CPU
		{9718FCA5-E3FA-49DF-B313-1437E0104BB4}.Release|x64.ActiveCfg = Release|Any CPU
		{9718FCA5-E3FA-49DF-B313-1437E0104BB4}.Release|x64.Build.0 = Release|Any CPU
		{9718FCA5-E3FA-49DF-B313-1437E0104BB4}.Release|x64.Deploy.0 = Release|Any CPU
		{9718FCA5-E3FA-49DF-B313-1437E0104BB4}.Release|x86.ActiveCfg = Release|Any CPU
		{9718FCA5-E3FA-49DF-B313-1437E0104BB4}.Release|x86.Build.0 = Release|Any CPU
		{9718FCA5-E3FA-49DF-B313-1437E0104BB4}.Release|x86.Deploy.0 = Release|Any CPU
	EndGlobalSection
	GlobalSection(SolutionProperties) = preSolution
		HideSolutionNode = FALSE
	EndGlobalSection
	GlobalSection(ExtensibilityGlobals) = postSolution
		SolutionGuid = {B24AD24A-253B-4947-9A2F-18F8CC5C3014}
	EndGlobalSection
EndGlobal
